
Microsoft Visual Studio Solution File, Format Version 12.00
# Visual Studio Version 16
VisualStudioVersion = 16.0.30204.135
MinimumVisualStudioVersion = 10.0.40219.1
Project("{FAE04EC0-301F-11D3-BF4B-00C04F79EFBC}") = "re-platform-fapp-msd-sap-di", "re-platform-fapp-msd-sap-di.csproj", "{57452A79-20F0-4D35-A293-055329436589}"
EndProject
Global
	GlobalSection(SolutionConfigurationPlatforms) = preSolution
		Debug|Any CPU = Debug|Any CPU
		Release|Any CPU = Release|Any CPU
	EndGlobalSection
	GlobalSection(ProjectConfigurationPlatforms) = postSolution
		{57452A79-20F0-4D35-A293-055329436589}.Debug|Any CPU.ActiveCfg = Debug|Any CPU
		{57452A79-20F0-4D35-A293-055329436589}.Debug|Any CPU.Build.0 = Debug|Any CPU
		{57452A79-20F0-4D35-A293-055329436589}.Release|Any CPU.ActiveCfg = Release|Any CPU
		{57452A79-20F0-4D35-A293-055329436589}.Release|Any CPU.Build.0 = Release|Any CPU
	EndGlobalSection
	GlobalSection(SolutionProperties) = preSolution
		HideSolutionNode = FALSE
	EndGlobalSection
	GlobalSection(ExtensibilityGlobals) = postSolution
		SolutionGuid = {2CFFEE55-F951-492A-B001-E088208EDD74}
	EndGlobalSection
EndGlobal
